// !$*UTF8*$!
{
	archiveVersion = 1;
	classes = {
	};
	objectVersion = 46;
	objects = {

/* Begin PBXBuildFile section */
		72B7FCC41F1FA0770031195D /* AppDelegate.swift in Sources */ = {isa = PBXBuildFile; fileRef = 72B7FCC31F1FA0770031195D /* AppDelegate.swift */; };
		72B7FCC61F1FA0770031195D /* ViewController.swift in Sources */ = {isa = PBXBuildFile; fileRef = 72B7FCC51F1FA0770031195D /* ViewController.swift */; };
		72B7FCC91F1FA0770031195D /* Main.storyboard in Resources */ = {isa = PBXBuildFile; fileRef = 72B7FCC71F1FA0770031195D /* Main.storyboard */; };
		72B7FCCB1F1FA0770031195D /* Assets.xcassets in Resources */ = {isa = PBXBuildFile; fileRef = 72B7FCCA1F1FA0770031195D /* Assets.xcassets */; };
		72B7FCCE1F1FA0770031195D /* LaunchScreen.storyboard in Resources */ = {isa = PBXBuildFile; fileRef = 72B7FCCC1F1FA0770031195D /* LaunchScreen.storyboard */; };
		72B7FCD61F1FA0D60031195D /* MemberList.rtf in Resources */ = {isa = PBXBuildFile; fileRef = 72B7FCD51F1FA0D60031195D /* MemberList.rtf */; };
/* End PBXBuildFile section */

/* Begin PBXFileReference section */
		72B7FCC01F1FA0770031195D /* Week3Quiz.app */ = {isa = PBXFileReference; explicitFileType = wrapper.application; includeInIndex = 0; path = Week3Quiz.app; sourceTree = BUILT_PRODUCTS_DIR; };
		72B7FCC31F1FA0770031195D /* AppDelegate.swift */ = {isa = PBXFileReference; lastKnownFileType = sourcecode.swift; path = AppDelegate.swift; sourceTree = "<group>"; };
		72B7FCC51F1FA0770031195D /* ViewController.swift */ = {isa = PBXFileReference; lastKnownFileType = sourcecode.swift; path = ViewController.swift; sourceTree = "<group>"; };
		72B7FCC81F1FA0770031195D /* Base */ = {isa = PBXFileReference; lastKnownFileType = file.storyboard; name = Base; path = Base.lproj/Main.storyboard; sourceTree = "<group>"; };
		72B7FCCA1F1FA0770031195D /* Assets.xcassets */ = {isa = PBXFileReference; lastKnownFileType = folder.assetcatalog; path = Assets.xcassets; sourceTree = "<group>"; };
		72B7FCCD1F1FA0770031195D /* Base */ = {isa = PBXFileReference; lastKnownFileType = file.storyboard; name = Base; path = Base.lproj/LaunchScreen.storyboard; sourceTree = "<group>"; };
		72B7FCCF1F1FA0770031195D /* Info.plist */ = {isa = PBXFileReference; lastKnownFileType = text.plist.xml; path = Info.plist; sourceTree = "<group>"; };
		72B7FCD51F1FA0D60031195D /* MemberList.rtf */ = {isa = PBXFileReference; fileEncoding = 4; lastKnownFileType = text.rtf; path = MemberList.rtf; sourceTree = "<group>"; };
/* End PBXFileReference section */

/* Begin PBXFrameworksBuildPhase section */
		72B7FCBD1F1FA0770031195D /* Frameworks */ = {
			isa = PBXFrameworksBuildPhase;
			buildActionMask = 2147483647;
			files = (
			);
			runOnlyForDeploymentPostprocessing = 0;
		};
/* End PBXFrameworksBuildPhase section */

/* Begin PBXGroup section */
		72B7FCB71F1FA0770031195D = {
			isa = PBXGroup;
			children = (
				72B7FCC21F1FA0770031195D /* Week3Quiz */,
				72B7FCC11F1FA0770031195D /* Products */,
			);
			sourceTree = "<group>";
		};
		72B7FCC11F1FA0770031195D /* Products */ = {
			isa = PBXGroup;
			children = (
				72B7FCC01F1FA0770031195D /* Week3Quiz.app */,
			);
			name = Products;
			sourceTree = "<group>";
		};
		72B7FCC21F1FA0770031195D /* Week3Quiz */ = {
			isa = PBXGroup;
			children = (
				72B7FCC31F1FA0770031195D /* AppDelegate.swift */,
				72B7FCC51F1FA0770031195D /* ViewController.swift */,
				72B7FCC71F1FA0770031195D /* Main.storyboard */,
				72B7FCCA1F1FA0770031195D /* Assets.xcassets */,
				72B7FCD51F1FA0D60031195D /* MemberList.rtf */,
				72B7FCCC1F1FA0770031195D /* LaunchScreen.storyboard */,
				72B7FCCF1F1FA0770031195D /* Info.plist */,
			);
			path = Week3Quiz;
			sourceTree = "<group>";
		};
/* End PBXGroup section */

/* Begin PBXNativeTarget section */
		72B7FCBF1F1FA0770031195D /* Week3Quiz */ = {
			isa = PBXNativeTarget;
			buildConfigurationList = 72B7FCD21F1FA0770031195D /* Build configuration list for PBXNativeTarget "Week3Quiz" */;
			buildPhases = (
				72B7FCBC1F1FA0770031195D /* Sources */,
				72B7FCBD1F1FA0770031195D /* Frameworks */,
				72B7FCBE1F1FA0770031195D /* Resources */,
			);
			buildRules = (
			);
			dependencies = (
			);
			name = Week3Quiz;
			productName = Week3Quiz;
			productReference = 72B7FCC01F1FA0770031195D /* Week3Quiz.app */;
			productType = "com.apple.product-type.application";
		};
/* End PBXNativeTarget section */

/* Begin PBXProject section */
		72B7FCB81F1FA0770031195D /* Project object */ = {
			isa = PBXProject;
			attributes = {
				LastSwiftUpdateCheck = 0830;
				LastUpgradeCheck = 0830;
				ORGANIZATIONNAME = LEEJUN;
				TargetAttributes = {
					72B7FCBF1F1FA0770031195D = {
						CreatedOnToolsVersion = 8.3.3;
						DevelopmentTeam = 836DYQVDP8;
						ProvisioningStyle = Automatic;
					};
				};
			};
			buildConfigurationList = 72B7FCBB1F1FA0770031195D /* Build configuration list for PBXProject "Week3Quiz" */;
			compatibilityVersion = "Xcode 3.2";
			developmentRegion = English;
			hasScannedForEncodings = 0;
			knownRegions = (
				en,
				Base,
			);
			mainGroup = 72B7FCB71F1FA0770031195D;
			productRefGroup = 72B7FCC11F1FA0770031195D /* Products */;
			projectDirPath = "";
			projectRoot = "";
			targets = (
				72B7FCBF1F1FA0770031195D /* Week3Quiz */,
			);
		};
/* End PBXProject section */

/* Begin PBXResourcesBuildPhase section */
		72B7FCBE1F1FA0770031195D /* Resources */ = {
			isa = PBXResourcesBuildPhase;
			buildActionMask = 2147483647;
			files = (
				72B7FCD61F1FA0D60031195D /* MemberList.rtf in Resources */,
				72B7FCCE1F1FA0770031195D /* LaunchScreen.storyboard in Resources */,
				72B7FCCB1F1FA0770031195D /* Assets.xcassets in Resources */,
				72B7FCC91F1FA0770031195D /* Main.storyboard in Resources */,
			);
			runOnlyForDeploymentPostprocessing = 0;
		};
/* End PBXResourcesBuildPhase section */

/* Begin PBXSourcesBuildPhase section */
		72B7FCBC1F1FA0770031195D /* Sources */ = {
			isa = PBXSourcesBuildPhase;
			buildActionMask = 2147483647;
			files = (
				72B7FCC61F1FA0770031195D /* ViewController.swift in Sources */,
				72B7FCC41F1FA0770031195D /* AppDelegate.swift in Sources */,
			);
			runOnlyForDeploymentPostprocessing = 0;
		};
/* End PBXSourcesBuildPhase section */

/* Begin PBXVariantGroup section */
		72B7FCC71F1FA0770031195D /* Main.storyboard */ = {
			isa = PBXVariantGroup;
			children = (
				72B7FCC81F1FA0770031195D /* Base */,
			);
			name = Main.storyboard;
			sourceTree = "<group>";
		};
		72B7FCCC1F1FA0770031195D /* LaunchScreen.storyboard */ = {
			isa = PBXVariantGroup;
			children = (
				72B7FCCD1F1FA0770031195D /* Base */,
			);
			name = LaunchScreen.storyboard;
			sourceTree = "<group>";
		};
/* End PBXVariantGroup section */

/* Begin XCBuildConfiguration section */
		72B7FCD01F1FA0770031195D /* Debug */ = {
			isa = XCBuildConfiguration;
			buildSettings = {
				ALWAYS_SEARCH_USER_PATHS = NO;
				CLANG_ANALYZER_NONNULL = YES;
				CLANG_ANALYZER_NUMBER_OBJECT_CONVERSION = YES_AGGRESSIVE;
				CLANG_CXX_LANGUAGE_STANDARD = "gnu++0x";
				CLANG_CXX_LIBRARY = "libc++";
				CLANG_ENABLE_MODULES = YES;
				CLANG_ENABLE_OBJC_ARC = YES;
				CLANG_WARN_BOOL_CONVERSION = YES;
				CLANG_WARN_CONSTANT_CONVERSION = YES;
				CLANG_WARN_DIRECT_OBJC_ISA_USAGE = YES_ERROR;
				CLANG_WARN_DOCUMENTATION_COMMENTS = YES;
				CLANG_WARN_EMPTY_BODY = YES;
				CLANG_WARN_ENUM_CONVERSION = YES;
				CLANG_WARN_INFINITE_RECURSION = YES;
				CLANG_WARN_INT_CONVERSION = YES;
				CLANG_WARN_OBJC_ROOT_CLASS = YES_ERROR;
				CLANG_WARN_SUSPICIOUS_MOVE = YES;
				CLANG_WARN_UNREACHABLE_CODE = YES;
				CLANG_WARN__DUPLICATE_METHOD_MATCH = YES;
				"CODE_SIGN_IDENTITY[sdk=iphoneos*]" = "iPhone Developer";
				COPY_PHASE_STRIP = NO;
				DEBUG_INFORMATION_FORMAT = dwarf;
				ENABLE_STRICT_OBJC_MSGSEND = YES;
				ENABLE_TESTABILITY = YES;
				GCC_C_LANGUAGE_STANDARD = gnu99;
				GCC_DYNAMIC_NO_PIC = NO;
				GCC_NO_COMMON_BLOCKS = YES;
				GCC_OPTIMIZATION_LEVEL = 0;
				GCC_PREPROCESSOR_DEFINITIONS = (
					"DEBUG=1",
					"$(inherited)",
				);
				GCC_WARN_64_TO_32_BIT_CONVERSION = YES;
				GCC_WARN_ABOUT_RETURN_TYPE = YES_ERROR;
				GCC_WARN_UNDECLARED_SELECTOR = YES;
				GCC_WARN_UNINITIALIZED_AUTOS = YES_AGGRESSIVE;
				GCC_WARN_UNUSED_FUNCTION = YES;
				GCC_WARN_UNUSED_VARIABLE = YES;
				IPHONEOS_DEPLOYMENT_TARGET = 10.3;
				MTL_ENABLE_DEBUG_INFO = YES;
				ONLY_ACTIVE_ARCH = YES;
				SDKROOT = iphoneos;
				SWIFT_ACTIVE_COMPILATION_CONDITIONS = DEBUG;
				SWIFT_OPTIMIZATION_LEVEL = "-Onone";
			};
			name = Debug;
		};
		72B7FCD11F1FA0770031195D /* Release */ = {
			isa = XCBuildConfiguration;
			buildSettings = {
				ALWAYS_SEARCH_USER_PATHS = NO;
				CLANG_ANALYZER_NONNULL = YES;
				CLANG_ANALYZER_NUMBER_OBJECT_CONVERSION = YES_AGGRESSIVE;
				CLANG_CXX_LANGUAGE_STANDARD = "gnu++0x";
				CLANG_CXX_LIBRARY = "libc++";
				CLANG_ENABLE_MODULES = YES;
				CLANG_ENABLE_OBJC_ARC = YES;
				CLANG_WARN_BOOL_CONVERSION = YES;
				CLANG_WARN_CONSTANT_CONVERSION = YES;
				CLANG_WARN_DIRECT_OBJC_ISA_USAGE = YES_ERROR;
				CLANG_WARN_DOCUMENTATION_COMMENTS = YES;
				CLANG_WARN_EMPTY_BODY = YES;
				CLANG_WARN_ENUM_CONVERSION = YES;
				CLANG_WARN_INFINITE_RECURSION = YES;
				CLANG_WARN_INT_CONVERSION = YES;
				CLANG_WARN_OBJC_ROOT_CLASS = YES_ERROR;
				CLANG_WARN_SUSPICIOUS_MOVE = YES;
				CLANG_WARN_UNREACHABLE_CODE = YES;
				CLANG_WARN__DUPLICATE_METHOD_MATCH = YES;
				"CODE_SIGN_IDENTITY[sdk=iphoneos*]" = "iPhone Developer";
				COPY_PHASE_STRIP = NO;
				DEBUG_INFORMATION_FORMAT = "dwarf-with-dsym";
				ENABLE_NS_ASSERTIONS = NO;
				ENABLE_STRICT_OBJC_MSGSEND = YES;
				GCC_C_LANGUAGE_STANDARD = gnu99;
				GCC_NO_COMMON_BLOCKS = YES;
				GCC_WARN_64_TO_32_BIT_CONVERSION = YES;
				GCC_WARN_ABOUT_RETURN_TYPE = YES_ERROR;
				GCC_WARN_UNDECLARED_SELECTOR = YES;
				GCC_WARN_UNINITIALIZED_AUTOS = YES_AGGRESSIVE;
				GCC_WARN_UNUSED_FUNCTION = YES;
				GCC_WARN_UNUSED_VARIABLE = YES;
				IPHONEOS_DEPLOYMENT_TARGET = 10.3;
				MTL_ENABLE_DEBUG_INFO = NO;
				SDKROOT = iphoneos;
				SWIFT_OPTIMIZATION_LEVEL = "-Owholemodule";
				VALIDATE_PRODUCT = YES;
			};
			name = Release;
		};
		72B7FCD31F1FA0770031195D /* Debug */ = {
			isa = XCBuildConfiguration;
			buildSettings = {
				ASSETCATALOG_COMPILER_APPICON_NAME = AppIcon;
				DEVELOPMENT_TEAM = 836DYQVDP8;
				INFOPLIST_FILE = Week3Quiz/Info.plist;
				LD_RUNPATH_SEARCH_PATHS = "$(inherited) @executable_path/Frameworks";
				PRODUCT_BUNDLE_IDENTIFIER = com.leejun.Week3Quiz;
				PRODUCT_NAME = "$(TARGET_NAME)";
				SWIFT_VERSION = 3.0;
			};
			name = Debug;
		};
		72B7FCD41F1FA0770031195D /* Release */ = {
			isa = XCBuildConfiguration;
			buildSettings = {
				ASSETCATALOG_COMPILER_APPICON_NAME = AppIcon;
				DEVELOPMENT_TEAM = 836DYQVDP8;
				INFOPLIST_FILE = Week3Quiz/Info.plist;
				LD_RUNPATH_SEARCH_PATHS = "$(inherited) @executable_path/Frameworks";
				PRODUCT_BUNDLE_IDENTIFIER = com.leejun.Week3Quiz;
				PRODUCT_NAME = "$(TARGET_NAME)";
				SWIFT_VERSION = 3.0;
			};
			name = Release;
		};
/* End XCBuildConfiguration section */

/* Begin XCConfigurationList section */
		72B7FCBB1F1FA0770031195D /* Build configuration list for PBXProject "Week3Quiz" */ = {
			isa = XCConfigurationList;
			buildConfigurations = (
				72B7FCD01F1FA0770031195D /* Debug */,
				72B7FCD11F1FA0770031195D /* Release */,
			);
			defaultConfigurationIsVisible = 0;
			defaultConfigurationName = Release;
		};
		72B7FCD21F1FA0770031195D /* Build configuration list for PBXNativeTarget "Week3Quiz" */ = {
			isa = XCConfigurationList;
			buildConfigurations = (
				72B7FCD31F1FA0770031195D /* Debug */,
				72B7FCD41F1FA0770031195D /* Release */,
			);
			defaultConfigurationIsVisible = 0;
		};
/* End XCConfigurationList section */
	};
	rootObject = 72B7FCB81F1FA0770031195D /* Project object */;
}
